// !$*UTF8*$!
{
	archiveVersion = 1;
	classes = {
	};
	objectVersion = 46;
	objects = {

/* Begin PBXBuildFile section */
		0AC78C0A1F5741BB0066D60E /* AppDelegate.swift in Sources */ = {isa = PBXBuildFile; fileRef = 0AC78C091F5741BB0066D60E /* AppDelegate.swift */; };
		0AC78C0C1F5741BB0066D60E /* ViewController.swift in Sources */ = {isa = PBXBuildFile; fileRef = 0AC78C0B1F5741BB0066D60E /* ViewController.swift */; };
		0AC78C0F1F5741BB0066D60E /* Main.storyboard in Resources */ = {isa = PBXBuildFile; fileRef = 0AC78C0D1F5741BB0066D60E /* Main.storyboard */; };
		0AC78C111F5741BB0066D60E /* Assets.xcassets in Resources */ = {isa = PBXBuildFile; fileRef = 0AC78C101F5741BB0066D60E /* Assets.xcassets */; };
		0AC78C141F5741BB0066D60E /* LaunchScreen.storyboard in Resources */ = {isa = PBXBuildFile; fileRef = 0AC78C121F5741BB0066D60E /* LaunchScreen.storyboard */; };
		0AFD1EE51F778B7E00C0C4E1 /* RSITest.swift in Sources */ = {isa = PBXBuildFile; fileRef = 0AFD1EE31F778B5200C0C4E1 /* RSITest.swift */; };
		0AFD1EE61F778B8100C0C4E1 /* ATRTest.swift in Sources */ = {isa = PBXBuildFile; fileRef = 0AFD1EE41F778B5200C0C4E1 /* ATRTest.swift */; };
		2C9A7AF2E4B3374CB1102C43 /* Pods_Tests.framework in Frameworks */ = {isa = PBXBuildFile; fileRef = 9DA59DD60576BBF60B2F46A7 /* Pods_Tests.framework */; };
		53F27433420FAFC6539CD344 /* Pods_Example.framework in Frameworks */ = {isa = PBXBuildFile; fileRef = 7F4B30DEF63970D3BBCE2149 /* Pods_Example.framework */; };
/* End PBXBuildFile section */

/* Begin PBXContainerItemProxy section */
		0AFD1EDE1F778B1100C0C4E1 /* PBXContainerItemProxy */ = {
			isa = PBXContainerItemProxy;
			containerPortal = 0AC78BFE1F5741BB0066D60E /* Project object */;
			proxyType = 1;
			remoteGlobalIDString = 0AC78C051F5741BB0066D60E;
			remoteInfo = Example;
		};
/* End PBXContainerItemProxy section */

/* Begin PBXFileReference section */
		02E3741C6EB8833A70DEB267 /* Pods-Example.release.xcconfig */ = {isa = PBXFileReference; includeInIndex = 1; lastKnownFileType = text.xcconfig; name = "Pods-Example.release.xcconfig"; path = "Pods/Target Support Files/Pods-Example/Pods-Example.release.xcconfig"; sourceTree = "<group>"; };
		0AC78C061F5741BB0066D60E /* Example.app */ = {isa = PBXFileReference; explicitFileType = wrapper.application; includeInIndex = 0; path = Example.app; sourceTree = BUILT_PRODUCTS_DIR; };
		0AC78C091F5741BB0066D60E /* AppDelegate.swift */ = {isa = PBXFileReference; lastKnownFileType = sourcecode.swift; path = AppDelegate.swift; sourceTree = "<group>"; };
		0AC78C0B1F5741BB0066D60E /* ViewController.swift */ = {isa = PBXFileReference; lastKnownFileType = sourcecode.swift; path = ViewController.swift; sourceTree = "<group>"; };
		0AC78C0E1F5741BB0066D60E /* Base */ = {isa = PBXFileReference; lastKnownFileType = file.storyboard; name = Base; path = Base.lproj/Main.storyboard; sourceTree = "<group>"; };
		0AC78C101F5741BB0066D60E /* Assets.xcassets */ = {isa = PBXFileReference; lastKnownFileType = folder.assetcatalog; path = Assets.xcassets; sourceTree = "<group>"; };
		0AC78C131F5741BB0066D60E /* Base */ = {isa = PBXFileReference; lastKnownFileType = file.storyboard; name = Base; path = Base.lproj/LaunchScreen.storyboard; sourceTree = "<group>"; };
		0AC78C151F5741BB0066D60E /* Info.plist */ = {isa = PBXFileReference; lastKnownFileType = text.plist.xml; path = Info.plist; sourceTree = "<group>"; };
		0AFD1ED91F778B1100C0C4E1 /* Tests.xctest */ = {isa = PBXFileReference; explicitFileType = wrapper.cfbundle; includeInIndex = 0; path = Tests.xctest; sourceTree = BUILT_PRODUCTS_DIR; };
		0AFD1EDD1F778B1100C0C4E1 /* Info.plist */ = {isa = PBXFileReference; lastKnownFileType = text.plist.xml; path = Info.plist; sourceTree = "<group>"; };
		0AFD1EE31F778B5200C0C4E1 /* RSITest.swift */ = {isa = PBXFileReference; lastKnownFileType = sourcecode.swift; path = RSITest.swift; sourceTree = "<group>"; };
		0AFD1EE41F778B5200C0C4E1 /* ATRTest.swift */ = {isa = PBXFileReference; lastKnownFileType = sourcecode.swift; path = ATRTest.swift; sourceTree = "<group>"; };
		58CE44CD3E95F214A1E28DBB /* Pods-Tests.release.xcconfig */ = {isa = PBXFileReference; includeInIndex = 1; lastKnownFileType = text.xcconfig; name = "Pods-Tests.release.xcconfig"; path = "Pods/Target Support Files/Pods-Tests/Pods-Tests.release.xcconfig"; sourceTree = "<group>"; };
		7F4B30DEF63970D3BBCE2149 /* Pods_Example.framework */ = {isa = PBXFileReference; explicitFileType = wrapper.framework; includeInIndex = 0; path = Pods_Example.framework; sourceTree = BUILT_PRODUCTS_DIR; };
		9444914F971BDCDD602DC2E6 /* Pods-Example.debug.xcconfig */ = {isa = PBXFileReference; includeInIndex = 1; lastKnownFileType = text.xcconfig; name = "Pods-Example.debug.xcconfig"; path = "Pods/Target Support Files/Pods-Example/Pods-Example.debug.xcconfig"; sourceTree = "<group>"; };
		9DA59DD60576BBF60B2F46A7 /* Pods_Tests.framework */ = {isa = PBXFileReference; explicitFileType = wrapper.framework; includeInIndex = 0; path = Pods_Tests.framework; sourceTree = BUILT_PRODUCTS_DIR; };
		FA0BCB04768D9B6F06E4FD3C /* Pods-Tests.debug.xcconfig */ = {isa = PBXFileReference; includeInIndex = 1; lastKnownFileType = text.xcconfig; name = "Pods-Tests.debug.xcconfig"; path = "Pods/Target Support Files/Pods-Tests/Pods-Tests.debug.xcconfig"; sourceTree = "<group>"; };
/* End PBXFileReference section */

/* Begin PBXFrameworksBuildPhase section */
		0AC78C031F5741BB0066D60E /* Frameworks */ = {
			isa = PBXFrameworksBuildPhase;
			buildActionMask = 2147483647;
			files = (
				53F27433420FAFC6539CD344 /* Pods_Example.framework in Frameworks */,
			);
			runOnlyForDeploymentPostprocessing = 0;
		};
		0AFD1ED61F778B1100C0C4E1 /* Frameworks */ = {
			isa = PBXFrameworksBuildPhase;
			buildActionMask = 2147483647;
			files = (
				2C9A7AF2E4B3374CB1102C43 /* Pods_Tests.framework in Frameworks */,
			);
			runOnlyForDeploymentPostprocessing = 0;
		};
/* End PBXFrameworksBuildPhase section */

/* Begin PBXGroup section */
		0AC78BFD1F5741BB0066D60E = {
			isa = PBXGroup;
			children = (
				0AC78C081F5741BB0066D60E /* Example */,
				0AFD1EDA1F778B1100C0C4E1 /* Tests */,
				0AC78C071F5741BB0066D60E /* Products */,
				5F57FA333DF25146A0580681 /* Pods */,
				D1A7534CCF8EB6AEB2807D65 /* Frameworks */,
			);
			sourceTree = "<group>";
		};
		0AC78C071F5741BB0066D60E /* Products */ = {
			isa = PBXGroup;
			children = (
				0AC78C061F5741BB0066D60E /* Example.app */,
				0AFD1ED91F778B1100C0C4E1 /* Tests.xctest */,
			);
			name = Products;
			sourceTree = "<group>";
		};
		0AC78C081F5741BB0066D60E /* Example */ = {
			isa = PBXGroup;
			children = (
				0AC78C091F5741BB0066D60E /* AppDelegate.swift */,
				0AC78C0B1F5741BB0066D60E /* ViewController.swift */,
				0AC78C0D1F5741BB0066D60E /* Main.storyboard */,
				0AC78C101F5741BB0066D60E /* Assets.xcassets */,
				0AC78C121F5741BB0066D60E /* LaunchScreen.storyboard */,
				0AC78C151F5741BB0066D60E /* Info.plist */,
			);
			path = Example;
			sourceTree = "<group>";
		};
		0AFD1EDA1F778B1100C0C4E1 /* Tests */ = {
			isa = PBXGroup;
			children = (
				0AFD1EE41F778B5200C0C4E1 /* ATRTest.swift */,
				0AFD1EE31F778B5200C0C4E1 /* RSITest.swift */,
				0AFD1EDD1F778B1100C0C4E1 /* Info.plist */,
			);
			path = Tests;
			sourceTree = "<group>";
		};
		5F57FA333DF25146A0580681 /* Pods */ = {
			isa = PBXGroup;
			children = (
				9444914F971BDCDD602DC2E6 /* Pods-Example.debug.xcconfig */,
				02E3741C6EB8833A70DEB267 /* Pods-Example.release.xcconfig */,
				FA0BCB04768D9B6F06E4FD3C /* Pods-Tests.debug.xcconfig */,
				58CE44CD3E95F214A1E28DBB /* Pods-Tests.release.xcconfig */,
			);
			name = Pods;
			sourceTree = "<group>";
		};
		D1A7534CCF8EB6AEB2807D65 /* Frameworks */ = {
			isa = PBXGroup;
			children = (
				7F4B30DEF63970D3BBCE2149 /* Pods_Example.framework */,
				9DA59DD60576BBF60B2F46A7 /* Pods_Tests.framework */,
			);
			name = Frameworks;
			sourceTree = "<group>";
		};
/* End PBXGroup section */

/* Begin PBXNativeTarget section */
		0AC78C051F5741BB0066D60E /* Example */ = {
			isa = PBXNativeTarget;
			buildConfigurationList = 0AC78C181F5741BB0066D60E /* Build configuration list for PBXNativeTarget "Example" */;
			buildPhases = (
				8E655B6B2BF4F98573F202FB /* [CP] Check Pods Manifest.lock */,
				0AC78C021F5741BB0066D60E /* Sources */,
				0AC78C031F5741BB0066D60E /* Frameworks */,
				0AC78C041F5741BB0066D60E /* Resources */,
				1D4DCB5F0B7F91D12293AD8E /* [CP] Embed Pods Frameworks */,
				4226DA5C6C241C052B2E38D5 /* [CP] Copy Pods Resources */,
			);
			buildRules = (
			);
			dependencies = (
			);
			name = Example;
			productName = Example;
			productReference = 0AC78C061F5741BB0066D60E /* Example.app */;
			productType = "com.apple.product-type.application";
		};
		0AFD1ED81F778B1100C0C4E1 /* Tests */ = {
			isa = PBXNativeTarget;
			buildConfigurationList = 0AFD1EE21F778B1100C0C4E1 /* Build configuration list for PBXNativeTarget "Tests" */;
			buildPhases = (
				9AF730567146F15ACE1C696A /* [CP] Check Pods Manifest.lock */,
				0AFD1ED51F778B1100C0C4E1 /* Sources */,
				0AFD1ED61F778B1100C0C4E1 /* Frameworks */,
				0AFD1ED71F778B1100C0C4E1 /* Resources */,
				EF483819FB3D6D8B665A9596 /* [CP] Embed Pods Frameworks */,
				F92A46BC8A002C2810890439 /* [CP] Copy Pods Resources */,
			);
			buildRules = (
			);
			dependencies = (
				0AFD1EDF1F778B1100C0C4E1 /* PBXTargetDependency */,
			);
			name = Tests;
			productName = Tests;
			productReference = 0AFD1ED91F778B1100C0C4E1 /* Tests.xctest */;
			productType = "com.apple.product-type.bundle.unit-test";
		};
/* End PBXNativeTarget section */

/* Begin PBXProject section */
		0AC78BFE1F5741BB0066D60E /* Project object */ = {
			isa = PBXProject;
			attributes = {
				LastSwiftUpdateCheck = 0900;
				LastUpgradeCheck = 0830;
				ORGANIZATIONNAME = "Antonio Casero Palmero";
				TargetAttributes = {
					0AC78C051F5741BB0066D60E = {
						CreatedOnToolsVersion = 8.3.3;
						DevelopmentTeam = 9HX8L3BY3M;
						ProvisioningStyle = Automatic;
					};
					0AFD1ED81F778B1100C0C4E1 = {
						CreatedOnToolsVersion = 9.0;
						DevelopmentTeam = 9HX8L3BY3M;
						TestTargetID = 0AC78C051F5741BB0066D60E;
					};
				};
			};
			buildConfigurationList = 0AC78C011F5741BB0066D60E /* Build configuration list for PBXProject "Example" */;
			compatibilityVersion = "Xcode 3.2";
			developmentRegion = English;
			hasScannedForEncodings = 0;
			knownRegions = (
				en,
				Base,
			);
			mainGroup = 0AC78BFD1F5741BB0066D60E;
			productRefGroup = 0AC78C071F5741BB0066D60E /* Products */;
			projectDirPath = "";
			projectRoot = "";
			targets = (
				0AC78C051F5741BB0066D60E /* Example */,
				0AFD1ED81F778B1100C0C4E1 /* Tests */,
			);
		};
/* End PBXProject section */

/* Begin PBXResourcesBuildPhase section */
		0AC78C041F5741BB0066D60E /* Resources */ = {
			isa = PBXResourcesBuildPhase;
			buildActionMask = 2147483647;
			files = (
				0AC78C141F5741BB0066D60E /* LaunchScreen.storyboard in Resources */,
				0AC78C111F5741BB0066D60E /* Assets.xcassets in Resources */,
				0AC78C0F1F5741BB0066D60E /* Main.storyboard in Resources */,
			);
			runOnlyForDeploymentPostprocessing = 0;
		};
		0AFD1ED71F778B1100C0C4E1 /* Resources */ = {
			isa = PBXResourcesBuildPhase;
			buildActionMask = 2147483647;
			files = (
			);
			runOnlyForDeploymentPostprocessing = 0;
		};
/* End PBXResourcesBuildPhase section */

/* Begin PBXShellScriptBuildPhase section */
		1D4DCB5F0B7F91D12293AD8E /* [CP] Embed Pods Frameworks */ = {
			isa = PBXShellScriptBuildPhase;
			buildActionMask = 2147483647;
			files = (
			);
			inputPaths = (
			);
			name = "[CP] Embed Pods Frameworks";
			outputPaths = (
			);
			runOnlyForDeploymentPostprocessing = 0;
			shellPath = /bin/sh;
			shellScript = "\"${SRCROOT}/Pods/Target Support Files/Pods-Example/Pods-Example-frameworks.sh\"\n";
			showEnvVarsInLog = 0;
		};
		4226DA5C6C241C052B2E38D5 /* [CP] Copy Pods Resources */ = {
			isa = PBXShellScriptBuildPhase;
			buildActionMask = 2147483647;
			files = (
			);
			inputPaths = (
			);
			name = "[CP] Copy Pods Resources";
			outputPaths = (
			);
			runOnlyForDeploymentPostprocessing = 0;
			shellPath = /bin/sh;
			shellScript = "\"${SRCROOT}/Pods/Target Support Files/Pods-Example/Pods-Example-resources.sh\"\n";
			showEnvVarsInLog = 0;
		};
		8E655B6B2BF4F98573F202FB /* [CP] Check Pods Manifest.lock */ = {
			isa = PBXShellScriptBuildPhase;
			buildActionMask = 2147483647;
			files = (
			);
			inputPaths = (
			);
			name = "[CP] Check Pods Manifest.lock";
			outputPaths = (
			);
			runOnlyForDeploymentPostprocessing = 0;
			shellPath = /bin/sh;
			shellScript = "diff \"${PODS_ROOT}/../Podfile.lock\" \"${PODS_ROOT}/Manifest.lock\" > /dev/null\nif [ $? != 0 ] ; then\n    # print error to STDERR\n    echo \"error: The sandbox is not in sync with the Podfile.lock. Run 'pod install' or update your CocoaPods installation.\" >&2\n    exit 1\nfi\n";
			showEnvVarsInLog = 0;
		};
		9AF730567146F15ACE1C696A /* [CP] Check Pods Manifest.lock */ = {
			isa = PBXShellScriptBuildPhase;
			buildActionMask = 2147483647;
			files = (
			);
			inputPaths = (
			);
			name = "[CP] Check Pods Manifest.lock";
			outputPaths = (
			);
			runOnlyForDeploymentPostprocessing = 0;
			shellPath = /bin/sh;
			shellScript = "diff \"${PODS_ROOT}/../Podfile.lock\" \"${PODS_ROOT}/Manifest.lock\" > /dev/null\nif [ $? != 0 ] ; then\n    # print error to STDERR\n    echo \"error: The sandbox is not in sync with the Podfile.lock. Run 'pod install' or update your CocoaPods installation.\" >&2\n    exit 1\nfi\n";
			showEnvVarsInLog = 0;
		};
		EF483819FB3D6D8B665A9596 /* [CP] Embed Pods Frameworks */ = {
			isa = PBXShellScriptBuildPhase;
			buildActionMask = 2147483647;
			files = (
			);
			inputPaths = (
			);
			name = "[CP] Embed Pods Frameworks";
			outputPaths = (
			);
			runOnlyForDeploymentPostprocessing = 0;
			shellPath = /bin/sh;
			shellScript = "\"${SRCROOT}/Pods/Target Support Files/Pods-Tests/Pods-Tests-frameworks.sh\"\n";
			showEnvVarsInLog = 0;
		};
		F92A46BC8A002C2810890439 /* [CP] Copy Pods Resources */ = {
			isa = PBXShellScriptBuildPhase;
			buildActionMask = 2147483647;
			files = (
			);
			inputPaths = (
			);
			name = "[CP] Copy Pods Resources";
			outputPaths = (
			);
			runOnlyForDeploymentPostprocessing = 0;
			shellPath = /bin/sh;
			shellScript = "\"${SRCROOT}/Pods/Target Support Files/Pods-Tests/Pods-Tests-resources.sh\"\n";
			showEnvVarsInLog = 0;
		};
/* End PBXShellScriptBuildPhase section */

/* Begin PBXSourcesBuildPhase section */
		0AC78C021F5741BB0066D60E /* Sources */ = {
			isa = PBXSourcesBuildPhase;
			buildActionMask = 2147483647;
			files = (
				0AC78C0C1F5741BB0066D60E /* ViewController.swift in Sources */,
				0AC78C0A1F5741BB0066D60E /* AppDelegate.swift in Sources */,
			);
			runOnlyForDeploymentPostprocessing = 0;
		};
		0AFD1ED51F778B1100C0C4E1 /* Sources */ = {
			isa = PBXSourcesBuildPhase;
			buildActionMask = 2147483647;
			files = (
				0AFD1EE51F778B7E00C0C4E1 /* RSITest.swift in Sources */,
				0AFD1EE61F778B8100C0C4E1 /* ATRTest.swift in Sources */,
			);
			runOnlyForDeploymentPostprocessing = 0;
		};
/* End PBXSourcesBuildPhase section */

/* Begin PBXTargetDependency section */
		0AFD1EDF1F778B1100C0C4E1 /* PBXTargetDependency */ = {
			isa = PBXTargetDependency;
			target = 0AC78C051F5741BB0066D60E /* Example */;
			targetProxy = 0AFD1EDE1F778B1100C0C4E1 /* PBXContainerItemProxy */;
		};
/* End PBXTargetDependency section */

/* Begin PBXVariantGroup section */
		0AC78C0D1F5741BB0066D60E /* Main.storyboard */ = {
			isa = PBXVariantGroup;
			children = (
				0AC78C0E1F5741BB0066D60E /* Base */,
			);
			name = Main.storyboard;
			sourceTree = "<group>";
		};
		0AC78C121F5741BB0066D60E /* LaunchScreen.storyboard */ = {
			isa = PBXVariantGroup;
			children = (
				0AC78C131F5741BB0066D60E /* Base */,
			);
			name = LaunchScreen.storyboard;
			sourceTree = "<group>";
		};
/* End PBXVariantGroup section */

/* Begin XCBuildConfiguration section */
		0AC78C161F5741BB0066D60E /* Debug */ = {
			isa = XCBuildConfiguration;
			buildSettings = {
				ALWAYS_SEARCH_USER_PATHS = NO;
				CLANG_ANALYZER_NONNULL = YES;
				CLANG_ANALYZER_NUMBER_OBJECT_CONVERSION = YES_AGGRESSIVE;
				CLANG_CXX_LANGUAGE_STANDARD = "gnu++0x";
				CLANG_CXX_LIBRARY = "libc++";
				CLANG_ENABLE_MODULES = YES;
				CLANG_ENABLE_OBJC_ARC = YES;
				CLANG_WARN_BOOL_CONVERSION = YES;
				CLANG_WARN_CONSTANT_CONVERSION = YES;
				CLANG_WARN_DIRECT_OBJC_ISA_USAGE = YES_ERROR;
				CLANG_WARN_DOCUMENTATION_COMMENTS = YES;
				CLANG_WARN_EMPTY_BODY = YES;
				CLANG_WARN_ENUM_CONVERSION = YES;
				CLANG_WARN_INFINITE_RECURSION = YES;
				CLANG_WARN_INT_CONVERSION = YES;
				CLANG_WARN_OBJC_ROOT_CLASS = YES_ERROR;
				CLANG_WARN_SUSPICIOUS_MOVE = YES;
				CLANG_WARN_UNREACHABLE_CODE = YES;
				CLANG_WARN__DUPLICATE_METHOD_MATCH = YES;
				"CODE_SIGN_IDENTITY[sdk=iphoneos*]" = "iPhone Developer";
				COPY_PHASE_STRIP = NO;
				DEBUG_INFORMATION_FORMAT = dwarf;
				ENABLE_STRICT_OBJC_MSGSEND = YES;
				ENABLE_TESTABILITY = YES;
				GCC_C_LANGUAGE_STANDARD = gnu99;
				GCC_DYNAMIC_NO_PIC = NO;
				GCC_NO_COMMON_BLOCKS = YES;
				GCC_OPTIMIZATION_LEVEL = 0;
				GCC_PREPROCESSOR_DEFINITIONS = (
					"DEBUG=1",
					"$(inherited)",
				);
				GCC_WARN_64_TO_32_BIT_CONVERSION = YES;
				GCC_WARN_ABOUT_RETURN_TYPE = YES_ERROR;
				GCC_WARN_UNDECLARED_SELECTOR = YES;
				GCC_WARN_UNINITIALIZED_AUTOS = YES_AGGRESSIVE;
				GCC_WARN_UNUSED_FUNCTION = YES;
				GCC_WARN_UNUSED_VARIABLE = YES;
				IPHONEOS_DEPLOYMENT_TARGET = 11.0;
				MTL_ENABLE_DEBUG_INFO = YES;
				ONLY_ACTIVE_ARCH = YES;
				SDKROOT = iphoneos;
				SWIFT_ACTIVE_COMPILATION_CONDITIONS = DEBUG;
				SWIFT_OPTIMIZATION_LEVEL = "-Onone";
				TARGETED_DEVICE_FAMILY = "1,2";
			};
			name = Debug;
		};
		0AC78C171F5741BB0066D60E /* Release */ = {
			isa = XCBuildConfiguration;
			buildSettings = {
				ALWAYS_SEARCH_USER_PATHS = NO;
				CLANG_ANALYZER_NONNULL = YES;
				CLANG_ANALYZER_NUMBER_OBJECT_CONVERSION = YES_AGGRESSIVE;
				CLANG_CXX_LANGUAGE_STANDARD = "gnu++0x";
				CLANG_CXX_LIBRARY = "libc++";
				CLANG_ENABLE_MODULES = YES;
				CLANG_ENABLE_OBJC_ARC = YES;
				CLANG_WARN_BOOL_CONVERSION = YES;
				CLANG_WARN_CONSTANT_CONVERSION = YES;
				CLANG_WARN_DIRECT_OBJC_ISA_USAGE = YES_ERROR;
				CLANG_WARN_DOCUMENTATION_COMMENTS = YES;
				CLANG_WARN_EMPTY_BODY = YES;
				CLANG_WARN_ENUM_CONVERSION = YES;
				CLANG_WARN_INFINITE_RECURSION = YES;
				CLANG_WARN_INT_CONVERSION = YES;
				CLANG_WARN_OBJC_ROOT_CLASS = YES_ERROR;
				CLANG_WARN_SUSPICIOUS_MOVE = YES;
				CLANG_WARN_UNREACHABLE_CODE = YES;
				CLANG_WARN__DUPLICATE_METHOD_MATCH = YES;
				"CODE_SIGN_IDENTITY[sdk=iphoneos*]" = "iPhone Developer";
				COPY_PHASE_STRIP = NO;
				DEBUG_INFORMATION_FORMAT = "dwarf-with-dsym";
				ENABLE_NS_ASSERTIONS = NO;
				ENABLE_STRICT_OBJC_MSGSEND = YES;
				GCC_C_LANGUAGE_STANDARD = gnu99;
				GCC_NO_COMMON_BLOCKS = YES;
				GCC_WARN_64_TO_32_BIT_CONVERSION = YES;
				GCC_WARN_ABOUT_RETURN_TYPE = YES_ERROR;
				GCC_WARN_UNDECLARED_SELECTOR = YES;
				GCC_WARN_UNINITIALIZED_AUTOS = YES_AGGRESSIVE;
				GCC_WARN_UNUSED_FUNCTION = YES;
				GCC_WARN_UNUSED_VARIABLE = YES;
				IPHONEOS_DEPLOYMENT_TARGET = 11.0;
				MTL_ENABLE_DEBUG_INFO = NO;
				SDKROOT = iphoneos;
				SWIFT_OPTIMIZATION_LEVEL = "-Owholemodule";
				TARGETED_DEVICE_FAMILY = "1,2";
				VALIDATE_PRODUCT = YES;
			};
			name = Release;
		};
		0AC78C191F5741BB0066D60E /* Debug */ = {
			isa = XCBuildConfiguration;
			baseConfigurationReference = 9444914F971BDCDD602DC2E6 /* Pods-Example.debug.xcconfig */;
			buildSettings = {
				ASSETCATALOG_COMPILER_APPICON_NAME = AppIcon;
				DEVELOPMENT_TEAM = 9HX8L3BY3M;
				INFOPLIST_FILE = Example/Info.plist;
				LD_RUNPATH_SEARCH_PATHS = "$(inherited) @executable_path/Frameworks";
				PRODUCT_BUNDLE_IDENTIFIER = com.uttopia.Example;
				PRODUCT_NAME = "$(TARGET_NAME)";
				SWIFT_VERSION = 4.0;
			};
			name = Debug;
		};
		0AC78C1A1F5741BB0066D60E /* Release */ = {
			isa = XCBuildConfiguration;
			baseConfigurationReference = 02E3741C6EB8833A70DEB267 /* Pods-Example.release.xcconfig */;
			buildSettings = {
				ASSETCATALOG_COMPILER_APPICON_NAME = AppIcon;
				DEVELOPMENT_TEAM = 9HX8L3BY3M;
				INFOPLIST_FILE = Example/Info.plist;
				LD_RUNPATH_SEARCH_PATHS = "$(inherited) @executable_path/Frameworks";
				PRODUCT_BUNDLE_IDENTIFIER = com.uttopia.Example;
				PRODUCT_NAME = "$(TARGET_NAME)";
				SWIFT_VERSION = 4.0;
			};
			name = Release;
		};
		0AFD1EE01F778B1100C0C4E1 /* Debug */ = {
			isa = XCBuildConfiguration;
			baseConfigurationReference = FA0BCB04768D9B6F06E4FD3C /* Pods-Tests.debug.xcconfig */;
			buildSettings = {
				BUNDLE_LOADER = "$(TEST_HOST)";
				CLANG_CXX_LANGUAGE_STANDARD = "gnu++14";
				CLANG_WARN_BLOCK_CAPTURE_AUTORELEASING = YES;
				CLANG_WARN_COMMA = YES;
				CLANG_WARN_NON_LITERAL_NULL_CONVERSION = YES;
				CLANG_WARN_OBJC_LITERAL_CONVERSION = YES;
				CLANG_WARN_RANGE_LOOP_ANALYSIS = YES;
				CLANG_WARN_STRICT_PROTOTYPES = YES;
				CLANG_WARN_UNGUARDED_AVAILABILITY = YES_AGGRESSIVE;
				CODE_SIGN_IDENTITY = "iPhone Developer";
				DEVELOPMENT_TEAM = 9HX8L3BY3M;
				GCC_C_LANGUAGE_STANDARD = gnu11;
				INFOPLIST_FILE = Tests/Info.plist;
				IPHONEOS_DEPLOYMENT_TARGET = 11.0;
				LD_RUNPATH_SEARCH_PATHS = "$(inherited) @executable_path/Frameworks @loader_path/Frameworks";
				PRODUCT_BUNDLE_IDENTIFIER = com.uttopia.Tests;
				PRODUCT_NAME = "$(TARGET_NAME)";
				SWIFT_VERSION = 4.0;
				TARGETED_DEVICE_FAMILY = "1,2";
				TEST_HOST = "$(BUILT_PRODUCTS_DIR)/Example.app/Example";
			};
			name = Debug;
		};
		0AFD1EE11F778B1100C0C4E1 /* Release */ = {
			isa = XCBuildConfiguration;
			baseConfigurationReference = 58CE44CD3E95F214A1E28DBB /* Pods-Tests.release.xcconfig */;
			buildSettings = {
				BUNDLE_LOADER = "$(TEST_HOST)";
				CLANG_CXX_LANGUAGE_STANDARD = "gnu++14";
				CLANG_WARN_BLOCK_CAPTURE_AUTORELEASING = YES;
				CLANG_WARN_COMMA = YES;
				CLANG_WARN_NON_LITERAL_NULL_CONVERSION = YES;
				CLANG_WARN_OBJC_LITERAL_CONVERSION = YES;
				CLANG_WARN_RANGE_LOOP_ANALYSIS = YES;
				CLANG_WARN_STRICT_PROTOTYPES = YES;
				CLANG_WARN_UNGUARDED_AVAILABILITY = YES_AGGRESSIVE;
				CODE_SIGN_IDENTITY = "iPhone Developer";
				DEVELOPMENT_TEAM = 9HX8L3BY3M;
				GCC_C_LANGUAGE_STANDARD = gnu11;
				INFOPLIST_FILE = Tests/Info.plist;
				IPHONEOS_DEPLOYMENT_TARGET = 11.0;
				LD_RUNPATH_SEARCH_PATHS = "$(inherited) @executable_path/Frameworks @loader_path/Frameworks";
				PRODUCT_BUNDLE_IDENTIFIER = com.uttopia.Tests;
				PRODUCT_NAME = "$(TARGET_NAME)";
				SWIFT_VERSION = 4.0;
				TARGETED_DEVICE_FAMILY = "1,2";
				TEST_HOST = "$(BUILT_PRODUCTS_DIR)/Example.app/Example";
			};
			name = Release;
		};
/* End XCBuildConfiguration section */

/* Begin XCConfigurationList section */
		0AC78C011F5741BB0066D60E /* Build configuration list for PBXProject "Example" */ = {
			isa = XCConfigurationList;
			buildConfigurations = (
				0AC78C161F5741BB0066D60E /* Debug */,
				0AC78C171F5741BB0066D60E /* Release */,
			);
			defaultConfigurationIsVisible = 0;
			defaultConfigurationName = Release;
		};
		0AC78C181F5741BB0066D60E /* Build configuration list for PBXNativeTarget "Example" */ = {
			isa = XCConfigurationList;
			buildConfigurations = (
				0AC78C191F5741BB0066D60E /* Debug */,
				0AC78C1A1F5741BB0066D60E /* Release */,
			);
			defaultConfigurationIsVisible = 0;
			defaultConfigurationName = Release;
		};
		0AFD1EE21F778B1100C0C4E1 /* Build configuration list for PBXNativeTarget "Tests" */ = {
			isa = XCConfigurationList;
			buildConfigurations = (
				0AFD1EE01F778B1100C0C4E1 /* Debug */,
				0AFD1EE11F778B1100C0C4E1 /* Release */,
			);
			defaultConfigurationIsVisible = 0;
			defaultConfigurationName = Release;
		};
/* End XCConfigurationList section */
	};
	rootObject = 0AC78BFE1F5741BB0066D60E /* Project object */;
}
